// !$*UTF8*$!
{
	archiveVersion = 1;
	classes = {
	};
	objectVersion = 51;
	objects = {

/* Begin PBXBuildFile section */
		0184D9A4AF65847C2D468752 /* Pods_VentTests.framework in Frameworks */ = {isa = PBXBuildFile; fileRef = 7D27B42B20740BE6B88B84E4 /* Pods_VentTests.framework */; };
		9A7581AE25891B4B0057F7E7 /* VideoCapture.swift in Sources */ = {isa = PBXBuildFile; fileRef = 9A7581AD25891B4B0057F7E7 /* VideoCapture.swift */; };
		9D8E538225868AE700C301D9 /* AppDelegate.swift in Sources */ = {isa = PBXBuildFile; fileRef = 9D8E538125868AE700C301D9 /* AppDelegate.swift */; };
		9D8E538425868AE700C301D9 /* SceneDelegate.swift in Sources */ = {isa = PBXBuildFile; fileRef = 9D8E538325868AE700C301D9 /* SceneDelegate.swift */; };
		9D8E538625868AE700C301D9 /* ViewController.swift in Sources */ = {isa = PBXBuildFile; fileRef = 9D8E538525868AE700C301D9 /* ViewController.swift */; };
		9D8E538925868AE700C301D9 /* Main.storyboard in Resources */ = {isa = PBXBuildFile; fileRef = 9D8E538725868AE700C301D9 /* Main.storyboard */; };
		9D8E538B25868AE900C301D9 /* Assets.xcassets in Resources */ = {isa = PBXBuildFile; fileRef = 9D8E538A25868AE900C301D9 /* Assets.xcassets */; };
		9D8E538E25868AE900C301D9 /* LaunchScreen.storyboard in Resources */ = {isa = PBXBuildFile; fileRef = 9D8E538C25868AE900C301D9 /* LaunchScreen.storyboard */; };
		9D8E539925868AEA00C301D9 /* VentTests.swift in Sources */ = {isa = PBXBuildFile; fileRef = 9D8E539825868AEA00C301D9 /* VentTests.swift */; };
		9D8E53A425868AEA00C301D9 /* VentUITests.swift in Sources */ = {isa = PBXBuildFile; fileRef = 9D8E53A325868AEA00C301D9 /* VentUITests.swift */; };
		9DECC874C1DAA89C6FBF3180 /* Pods_Vent.framework in Frameworks */ = {isa = PBXBuildFile; fileRef = 02D373127114021DDDC6A0EC /* Pods_Vent.framework */; };
		AEB184B4CA9B1A44F6DBBFD8 /* Pods_Vent_VentUITests.framework in Frameworks */ = {isa = PBXBuildFile; fileRef = BA6578AE108AC4DEACE2A8C5 /* Pods_Vent_VentUITests.framework */; };
/* End PBXBuildFile section */

/* Begin PBXContainerItemProxy section */
		9D8E539525868AE900C301D9 /* PBXContainerItemProxy */ = {
			isa = PBXContainerItemProxy;
			containerPortal = 9D8E537625868AE600C301D9 /* Project object */;
			proxyType = 1;
			remoteGlobalIDString = 9D8E537D25868AE700C301D9;
			remoteInfo = Vent;
		};
		9D8E53A025868AEA00C301D9 /* PBXContainerItemProxy */ = {
			isa = PBXContainerItemProxy;
			containerPortal = 9D8E537625868AE600C301D9 /* Project object */;
			proxyType = 1;
			remoteGlobalIDString = 9D8E537D25868AE700C301D9;
			remoteInfo = Vent;
		};
/* End PBXContainerItemProxy section */

/* Begin PBXFileReference section */
		02D373127114021DDDC6A0EC /* Pods_Vent.framework */ = {isa = PBXFileReference; explicitFileType = wrapper.framework; includeInIndex = 0; path = Pods_Vent.framework; sourceTree = BUILT_PRODUCTS_DIR; };
		0B01C89F726352670A5207BA /* Pods-VentTests.release.xcconfig */ = {isa = PBXFileReference; includeInIndex = 1; lastKnownFileType = text.xcconfig; name = "Pods-VentTests.release.xcconfig"; path = "Target Support Files/Pods-VentTests/Pods-VentTests.release.xcconfig"; sourceTree = "<group>"; };
		14A66C52D33A28795744D856 /* Pods-Vent-VentUITests.debug.xcconfig */ = {isa = PBXFileReference; includeInIndex = 1; lastKnownFileType = text.xcconfig; name = "Pods-Vent-VentUITests.debug.xcconfig"; path = "Target Support Files/Pods-Vent-VentUITests/Pods-Vent-VentUITests.debug.xcconfig"; sourceTree = "<group>"; };
		7D27B42B20740BE6B88B84E4 /* Pods_VentTests.framework */ = {isa = PBXFileReference; explicitFileType = wrapper.framework; includeInIndex = 0; path = Pods_VentTests.framework; sourceTree = BUILT_PRODUCTS_DIR; };
		9A7581AD25891B4B0057F7E7 /* VideoCapture.swift */ = {isa = PBXFileReference; lastKnownFileType = sourcecode.swift; path = VideoCapture.swift; sourceTree = "<group>"; };
		9D8E537E25868AE700C301D9 /* Vent.app */ = {isa = PBXFileReference; explicitFileType = wrapper.application; includeInIndex = 0; path = Vent.app; sourceTree = BUILT_PRODUCTS_DIR; };
		9D8E538125868AE700C301D9 /* AppDelegate.swift */ = {isa = PBXFileReference; lastKnownFileType = sourcecode.swift; path = AppDelegate.swift; sourceTree = "<group>"; };
		9D8E538325868AE700C301D9 /* SceneDelegate.swift */ = {isa = PBXFileReference; lastKnownFileType = sourcecode.swift; path = SceneDelegate.swift; sourceTree = "<group>"; };
		9D8E538525868AE700C301D9 /* ViewController.swift */ = {isa = PBXFileReference; lastKnownFileType = sourcecode.swift; path = ViewController.swift; sourceTree = "<group>"; };
		9D8E538825868AE700C301D9 /* Base */ = {isa = PBXFileReference; lastKnownFileType = file.storyboard; name = Base; path = Base.lproj/Main.storyboard; sourceTree = "<group>"; };
		9D8E538A25868AE900C301D9 /* Assets.xcassets */ = {isa = PBXFileReference; lastKnownFileType = folder.assetcatalog; path = Assets.xcassets; sourceTree = "<group>"; };
		9D8E538D25868AE900C301D9 /* Base */ = {isa = PBXFileReference; lastKnownFileType = file.storyboard; name = Base; path = Base.lproj/LaunchScreen.storyboard; sourceTree = "<group>"; };
		9D8E538F25868AE900C301D9 /* Info.plist */ = {isa = PBXFileReference; lastKnownFileType = text.plist.xml; path = Info.plist; sourceTree = "<group>"; };
		9D8E539425868AE900C301D9 /* VentTests.xctest */ = {isa = PBXFileReference; explicitFileType = wrapper.cfbundle; includeInIndex = 0; path = VentTests.xctest; sourceTree = BUILT_PRODUCTS_DIR; };
		9D8E539825868AEA00C301D9 /* VentTests.swift */ = {isa = PBXFileReference; lastKnownFileType = sourcecode.swift; path = VentTests.swift; sourceTree = "<group>"; };
		9D8E539A25868AEA00C301D9 /* Info.plist */ = {isa = PBXFileReference; lastKnownFileType = text.plist.xml; path = Info.plist; sourceTree = "<group>"; };
		9D8E539F25868AEA00C301D9 /* VentUITests.xctest */ = {isa = PBXFileReference; explicitFileType = wrapper.cfbundle; includeInIndex = 0; path = VentUITests.xctest; sourceTree = BUILT_PRODUCTS_DIR; };
		9D8E53A325868AEA00C301D9 /* VentUITests.swift */ = {isa = PBXFileReference; lastKnownFileType = sourcecode.swift; path = VentUITests.swift; sourceTree = "<group>"; };
		9D8E53A525868AEA00C301D9 /* Info.plist */ = {isa = PBXFileReference; lastKnownFileType = text.plist.xml; path = Info.plist; sourceTree = "<group>"; };
		A60A5D3EDC4866299548B309 /* Pods-VentTests.debug.xcconfig */ = {isa = PBXFileReference; includeInIndex = 1; lastKnownFileType = text.xcconfig; name = "Pods-VentTests.debug.xcconfig"; path = "Target Support Files/Pods-VentTests/Pods-VentTests.debug.xcconfig"; sourceTree = "<group>"; };
		BA6578AE108AC4DEACE2A8C5 /* Pods_Vent_VentUITests.framework */ = {isa = PBXFileReference; explicitFileType = wrapper.framework; includeInIndex = 0; path = Pods_Vent_VentUITests.framework; sourceTree = BUILT_PRODUCTS_DIR; };
		BEF92D6A99E6B86F867ED111 /* Pods-Vent.release.xcconfig */ = {isa = PBXFileReference; includeInIndex = 1; lastKnownFileType = text.xcconfig; name = "Pods-Vent.release.xcconfig"; path = "Target Support Files/Pods-Vent/Pods-Vent.release.xcconfig"; sourceTree = "<group>"; };
		D55775CF9027C5A3C3B32D15 /* Pods-Vent-VentUITests.release.xcconfig */ = {isa = PBXFileReference; includeInIndex = 1; lastKnownFileType = text.xcconfig; name = "Pods-Vent-VentUITests.release.xcconfig"; path = "Target Support Files/Pods-Vent-VentUITests/Pods-Vent-VentUITests.release.xcconfig"; sourceTree = "<group>"; };
		D55FCA9817DC011D72B57226 /* Pods-Vent.debug.xcconfig */ = {isa = PBXFileReference; includeInIndex = 1; lastKnownFileType = text.xcconfig; name = "Pods-Vent.debug.xcconfig"; path = "Target Support Files/Pods-Vent/Pods-Vent.debug.xcconfig"; sourceTree = "<group>"; };
/* End PBXFileReference section */

/* Begin PBXFrameworksBuildPhase section */
		9D8E537B25868AE700C301D9 /* Frameworks */ = {
			isa = PBXFrameworksBuildPhase;
			buildActionMask = 2147483647;
			files = (
				9DECC874C1DAA89C6FBF3180 /* Pods_Vent.framework in Frameworks */,
			);
			runOnlyForDeploymentPostprocessing = 0;
		};
		9D8E539125868AE900C301D9 /* Frameworks */ = {
			isa = PBXFrameworksBuildPhase;
			buildActionMask = 2147483647;
			files = (
				0184D9A4AF65847C2D468752 /* Pods_VentTests.framework in Frameworks */,
			);
			runOnlyForDeploymentPostprocessing = 0;
		};
		9D8E539C25868AEA00C301D9 /* Frameworks */ = {
			isa = PBXFrameworksBuildPhase;
			buildActionMask = 2147483647;
			files = (
				AEB184B4CA9B1A44F6DBBFD8 /* Pods_Vent_VentUITests.framework in Frameworks */,
			);
			runOnlyForDeploymentPostprocessing = 0;
		};
/* End PBXFrameworksBuildPhase section */

/* Begin PBXGroup section */
		2D71CF90CAFD200EAD0AE946 /* Pods */ = {
			isa = PBXGroup;
			children = (
				D55FCA9817DC011D72B57226 /* Pods-Vent.debug.xcconfig */,
				BEF92D6A99E6B86F867ED111 /* Pods-Vent.release.xcconfig */,
				14A66C52D33A28795744D856 /* Pods-Vent-VentUITests.debug.xcconfig */,
				D55775CF9027C5A3C3B32D15 /* Pods-Vent-VentUITests.release.xcconfig */,
				A60A5D3EDC4866299548B309 /* Pods-VentTests.debug.xcconfig */,
				0B01C89F726352670A5207BA /* Pods-VentTests.release.xcconfig */,
			);
			path = Pods;
			sourceTree = "<group>";
		};
		9D8E537525868AE600C301D9 = {
			isa = PBXGroup;
			children = (
				9D8E538025868AE700C301D9 /* Vent */,
				9D8E539725868AEA00C301D9 /* VentTests */,
				9D8E53A225868AEA00C301D9 /* VentUITests */,
				9D8E537F25868AE700C301D9 /* Products */,
				2D71CF90CAFD200EAD0AE946 /* Pods */,
				A25ABD57103056531835A345 /* Frameworks */,
			);
			sourceTree = "<group>";
		};
		9D8E537F25868AE700C301D9 /* Products */ = {
			isa = PBXGroup;
			children = (
				9D8E537E25868AE700C301D9 /* Vent.app */,
				9D8E539425868AE900C301D9 /* VentTests.xctest */,
				9D8E539F25868AEA00C301D9 /* VentUITests.xctest */,
			);
			name = Products;
			sourceTree = "<group>";
		};
		9D8E538025868AE700C301D9 /* Vent */ = {
			isa = PBXGroup;
			children = (
				9D8E538125868AE700C301D9 /* AppDelegate.swift */,
				9D8E538325868AE700C301D9 /* SceneDelegate.swift */,
				9D8E538525868AE700C301D9 /* ViewController.swift */,
				9A7581AD25891B4B0057F7E7 /* VideoCapture.swift */,
				9D8E538725868AE700C301D9 /* Main.storyboard */,
				9D8E538A25868AE900C301D9 /* Assets.xcassets */,
				9D8E538C25868AE900C301D9 /* LaunchScreen.storyboard */,
				9D8E538F25868AE900C301D9 /* Info.plist */,
			);
			path = Vent;
			sourceTree = "<group>";
		};
		9D8E539725868AEA00C301D9 /* VentTests */ = {
			isa = PBXGroup;
			children = (
				9D8E539825868AEA00C301D9 /* VentTests.swift */,
				9D8E539A25868AEA00C301D9 /* Info.plist */,
			);
			path = VentTests;
			sourceTree = "<group>";
		};
		9D8E53A225868AEA00C301D9 /* VentUITests */ = {
			isa = PBXGroup;
			children = (
				9D8E53A325868AEA00C301D9 /* VentUITests.swift */,
				9D8E53A525868AEA00C301D9 /* Info.plist */,
			);
			path = VentUITests;
			sourceTree = "<group>";
		};
		A25ABD57103056531835A345 /* Frameworks */ = {
			isa = PBXGroup;
			children = (
				02D373127114021DDDC6A0EC /* Pods_Vent.framework */,
				BA6578AE108AC4DEACE2A8C5 /* Pods_Vent_VentUITests.framework */,
				7D27B42B20740BE6B88B84E4 /* Pods_VentTests.framework */,
			);
			name = Frameworks;
			sourceTree = "<group>";
		};
/* End PBXGroup section */

/* Begin PBXNativeTarget section */
		9D8E537D25868AE700C301D9 /* Vent */ = {
			isa = PBXNativeTarget;
			buildConfigurationList = 9D8E53A825868AEA00C301D9 /* Build configuration list for PBXNativeTarget "Vent" */;
			buildPhases = (
				A4EF98607664DB8F20CB4D9E /* [CP] Check Pods Manifest.lock */,
				9D8E537A25868AE700C301D9 /* Sources */,
				9D8E537B25868AE700C301D9 /* Frameworks */,
				9D8E537C25868AE700C301D9 /* Resources */,
				E8DAA4D73405089AB27A6350 /* [CP] Embed Pods Frameworks */,
			);
			buildRules = (
			);
			dependencies = (
			);
			name = Vent;
			productName = Vent;
			productReference = 9D8E537E25868AE700C301D9 /* Vent.app */;
			productType = "com.apple.product-type.application";
		};
		9D8E539325868AE900C301D9 /* VentTests */ = {
			isa = PBXNativeTarget;
			buildConfigurationList = 9D8E53AB25868AEA00C301D9 /* Build configuration list for PBXNativeTarget "VentTests" */;
			buildPhases = (
				58A559535D3373BEFA05CE89 /* [CP] Check Pods Manifest.lock */,
				9D8E539025868AE900C301D9 /* Sources */,
				9D8E539125868AE900C301D9 /* Frameworks */,
				9D8E539225868AE900C301D9 /* Resources */,
			);
			buildRules = (
			);
			dependencies = (
				9D8E539625868AE900C301D9 /* PBXTargetDependency */,
			);
			name = VentTests;
			productName = VentTests;
			productReference = 9D8E539425868AE900C301D9 /* VentTests.xctest */;
			productType = "com.apple.product-type.bundle.unit-test";
		};
		9D8E539E25868AEA00C301D9 /* VentUITests */ = {
			isa = PBXNativeTarget;
			buildConfigurationList = 9D8E53AE25868AEA00C301D9 /* Build configuration list for PBXNativeTarget "VentUITests" */;
			buildPhases = (
				CBECE698239E57FEC704BD72 /* [CP] Check Pods Manifest.lock */,
				9D8E539B25868AEA00C301D9 /* Sources */,
				9D8E539C25868AEA00C301D9 /* Frameworks */,
				9D8E539D25868AEA00C301D9 /* Resources */,
				CB83571C58F9E37EDB827201 /* [CP] Embed Pods Frameworks */,
			);
			buildRules = (
			);
			dependencies = (
				9D8E53A125868AEA00C301D9 /* PBXTargetDependency */,
			);
			name = VentUITests;
			productName = VentUITests;
			productReference = 9D8E539F25868AEA00C301D9 /* VentUITests.xctest */;
			productType = "com.apple.product-type.bundle.ui-testing";
		};
/* End PBXNativeTarget section */

/* Begin PBXProject section */
		9D8E537625868AE600C301D9 /* Project object */ = {
			isa = PBXProject;
			attributes = {
				LastSwiftUpdateCheck = 1160;
				LastUpgradeCheck = 1160;
				ORGANIZATIONNAME = "Alek Matthiessen";
				TargetAttributes = {
					9D8E537D25868AE700C301D9 = {
						CreatedOnToolsVersion = 11.6;
					};
					9D8E539325868AE900C301D9 = {
						CreatedOnToolsVersion = 11.6;
						TestTargetID = 9D8E537D25868AE700C301D9;
					};
					9D8E539E25868AEA00C301D9 = {
						CreatedOnToolsVersion = 11.6;
						TestTargetID = 9D8E537D25868AE700C301D9;
					};
				};
			};
			buildConfigurationList = 9D8E537925868AE600C301D9 /* Build configuration list for PBXProject "Vent" */;
			compatibilityVersion = "Xcode 9.3";
			developmentRegion = en;
			hasScannedForEncodings = 0;
			knownRegions = (
				en,
				Base,
			);
			mainGroup = 9D8E537525868AE600C301D9;
			productRefGroup = 9D8E537F25868AE700C301D9 /* Products */;
			projectDirPath = "";
			projectRoot = "";
			targets = (
				9D8E537D25868AE700C301D9 /* Vent */,
				9D8E539325868AE900C301D9 /* VentTests */,
				9D8E539E25868AEA00C301D9 /* VentUITests */,
			);
		};
/* End PBXProject section */

/* Begin PBXResourcesBuildPhase section */
		9D8E537C25868AE700C301D9 /* Resources */ = {
			isa = PBXResourcesBuildPhase;
			buildActionMask = 2147483647;
			files = (
				9D8E538E25868AE900C301D9 /* LaunchScreen.storyboard in Resources */,
				9D8E538B25868AE900C301D9 /* Assets.xcassets in Resources */,
				9D8E538925868AE700C301D9 /* Main.storyboard in Resources */,
			);
			runOnlyForDeploymentPostprocessing = 0;
		};
		9D8E539225868AE900C301D9 /* Resources */ = {
			isa = PBXResourcesBuildPhase;
			buildActionMask = 2147483647;
			files = (
			);
			runOnlyForDeploymentPostprocessing = 0;
		};
		9D8E539D25868AEA00C301D9 /* Resources */ = {
			isa = PBXResourcesBuildPhase;
			buildActionMask = 2147483647;
			files = (
			);
			runOnlyForDeploymentPostprocessing = 0;
		};
/* End PBXResourcesBuildPhase section */

/* Begin PBXShellScriptBuildPhase section */
		58A559535D3373BEFA05CE89 /* [CP] Check Pods Manifest.lock */ = {
			isa = PBXShellScriptBuildPhase;
			buildActionMask = 2147483647;
			files = (
			);
			inputFileListPaths = (
			);
			inputPaths = (
				"${PODS_PODFILE_DIR_PATH}/Podfile.lock",
				"${PODS_ROOT}/Manifest.lock",
			);
			name = "[CP] Check Pods Manifest.lock";
			outputFileListPaths = (
			);
			outputPaths = (
				"$(DERIVED_FILE_DIR)/Pods-VentTests-checkManifestLockResult.txt",
			);
			runOnlyForDeploymentPostprocessing = 0;
			shellPath = /bin/sh;
			shellScript = "diff \"${PODS_PODFILE_DIR_PATH}/Podfile.lock\" \"${PODS_ROOT}/Manifest.lock\" > /dev/null\nif [ $? != 0 ] ; then\n    # print error to STDERR\n    echo \"error: The sandbox is not in sync with the Podfile.lock. Run 'pod install' or update your CocoaPods installation.\" >&2\n    exit 1\nfi\n# This output is used by Xcode 'outputs' to avoid re-running this script phase.\necho \"SUCCESS\" > \"${SCRIPT_OUTPUT_FILE_0}\"\n";
			showEnvVarsInLog = 0;
		};
		A4EF98607664DB8F20CB4D9E /* [CP] Check Pods Manifest.lock */ = {
			isa = PBXShellScriptBuildPhase;
			buildActionMask = 2147483647;
			files = (
			);
			inputFileListPaths = (
			);
			inputPaths = (
				"${PODS_PODFILE_DIR_PATH}/Podfile.lock",
				"${PODS_ROOT}/Manifest.lock",
			);
			name = "[CP] Check Pods Manifest.lock";
			outputFileListPaths = (
			);
			outputPaths = (
				"$(DERIVED_FILE_DIR)/Pods-Vent-checkManifestLockResult.txt",
			);
			runOnlyForDeploymentPostprocessing = 0;
			shellPath = /bin/sh;
			shellScript = "diff \"${PODS_PODFILE_DIR_PATH}/Podfile.lock\" \"${PODS_ROOT}/Manifest.lock\" > /dev/null\nif [ $? != 0 ] ; then\n    # print error to STDERR\n    echo \"error: The sandbox is not in sync with the Podfile.lock. Run 'pod install' or update your CocoaPods installation.\" >&2\n    exit 1\nfi\n# This output is used by Xcode 'outputs' to avoid re-running this script phase.\necho \"SUCCESS\" > \"${SCRIPT_OUTPUT_FILE_0}\"\n";
			showEnvVarsInLog = 0;
		};
		CB83571C58F9E37EDB827201 /* [CP] Embed Pods Frameworks */ = {
			isa = PBXShellScriptBuildPhase;
			buildActionMask = 2147483647;
			files = (
			);
			inputFileListPaths = (
				"${PODS_ROOT}/Target Support Files/Pods-Vent-VentUITests/Pods-Vent-VentUITests-frameworks-${CONFIGURATION}-input-files.xcfilelist",
			);
			name = "[CP] Embed Pods Frameworks";
			outputFileListPaths = (
				"${PODS_ROOT}/Target Support Files/Pods-Vent-VentUITests/Pods-Vent-VentUITests-frameworks-${CONFIGURATION}-output-files.xcfilelist",
			);
			runOnlyForDeploymentPostprocessing = 0;
			shellPath = /bin/sh;
			shellScript = "\"${PODS_ROOT}/Target Support Files/Pods-Vent-VentUITests/Pods-Vent-VentUITests-frameworks.sh\"\n";
			showEnvVarsInLog = 0;
		};
		CBECE698239E57FEC704BD72 /* [CP] Check Pods Manifest.lock */ = {
			isa = PBXShellScriptBuildPhase;
			buildActionMask = 2147483647;
			files = (
			);
			inputFileListPaths = (
			);
			inputPaths = (
				"${PODS_PODFILE_DIR_PATH}/Podfile.lock",
				"${PODS_ROOT}/Manifest.lock",
			);
			name = "[CP] Check Pods Manifest.lock";
			outputFileListPaths = (
			);
			outputPaths = (
				"$(DERIVED_FILE_DIR)/Pods-Vent-VentUITests-checkManifestLockResult.txt",
			);
			runOnlyForDeploymentPostprocessing = 0;
			shellPath = /bin/sh;
			shellScript = "diff \"${PODS_PODFILE_DIR_PATH}/Podfile.lock\" \"${PODS_ROOT}/Manifest.lock\" > /dev/null\nif [ $? != 0 ] ; then\n    # print error to STDERR\n    echo \"error: The sandbox is not in sync with the Podfile.lock. Run 'pod install' or update your CocoaPods installation.\" >&2\n    exit 1\nfi\n# This output is used by Xcode 'outputs' to avoid re-running this script phase.\necho \"SUCCESS\" > \"${SCRIPT_OUTPUT_FILE_0}\"\n";
			showEnvVarsInLog = 0;
		};
		E8DAA4D73405089AB27A6350 /* [CP] Embed Pods Frameworks */ = {
			isa = PBXShellScriptBuildPhase;
			buildActionMask = 2147483647;
			files = (
			);
			inputFileListPaths = (
				"${PODS_ROOT}/Target Support Files/Pods-Vent/Pods-Vent-frameworks-${CONFIGURATION}-input-files.xcfilelist",
			);
			name = "[CP] Embed Pods Frameworks";
			outputFileListPaths = (
				"${PODS_ROOT}/Target Support Files/Pods-Vent/Pods-Vent-frameworks-${CONFIGURATION}-output-files.xcfilelist",
			);
			runOnlyForDeploymentPostprocessing = 0;
			shellPath = /bin/sh;
			shellScript = "\"${PODS_ROOT}/Target Support Files/Pods-Vent/Pods-Vent-frameworks.sh\"\n";
			showEnvVarsInLog = 0;
		};
/* End PBXShellScriptBuildPhase section */

/* Begin PBXSourcesBuildPhase section */
		9D8E537A25868AE700C301D9 /* Sources */ = {
			isa = PBXSourcesBuildPhase;
			buildActionMask = 2147483647;
			files = (
				9A7581AE25891B4B0057F7E7 /* VideoCapture.swift in Sources */,
				9D8E538625868AE700C301D9 /* ViewController.swift in Sources */,
				9D8E538225868AE700C301D9 /* AppDelegate.swift in Sources */,
				9D8E538425868AE700C301D9 /* SceneDelegate.swift in Sources */,
			);
			runOnlyForDeploymentPostprocessing = 0;
		};
		9D8E539025868AE900C301D9 /* Sources */ = {
			isa = PBXSourcesBuildPhase;
			buildActionMask = 2147483647;
			files = (
				9D8E539925868AEA00C301D9 /* VentTests.swift in Sources */,
			);
			runOnlyForDeploymentPostprocessing = 0;
		};
		9D8E539B25868AEA00C301D9 /* Sources */ = {
			isa = PBXSourcesBuildPhase;
			buildActionMask = 2147483647;
			files = (
				9D8E53A425868AEA00C301D9 /* VentUITests.swift in Sources */,
			);
			runOnlyForDeploymentPostprocessing = 0;
		};
/* End PBXSourcesBuildPhase section */

/* Begin PBXTargetDependency section */
		9D8E539625868AE900C301D9 /* PBXTargetDependency */ = {
			isa = PBXTargetDependency;
			target = 9D8E537D25868AE700C301D9 /* Vent */;
			targetProxy = 9D8E539525868AE900C301D9 /* PBXContainerItemProxy */;
		};
		9D8E53A125868AEA00C301D9 /* PBXTargetDependency */ = {
			isa = PBXTargetDependency;
			target = 9D8E537D25868AE700C301D9 /* Vent */;
			targetProxy = 9D8E53A025868AEA00C301D9 /* PBXContainerItemProxy */;
		};
/* End PBXTargetDependency section */

/* Begin PBXVariantGroup section */
		9D8E538725868AE700C301D9 /* Main.storyboard */ = {
			isa = PBXVariantGroup;
			children = (
				9D8E538825868AE700C301D9 /* Base */,
			);
			name = Main.storyboard;
			sourceTree = "<group>";
		};
		9D8E538C25868AE900C301D9 /* LaunchScreen.storyboard */ = {
			isa = PBXVariantGroup;
			children = (
				9D8E538D25868AE900C301D9 /* Base */,
			);
			name = LaunchScreen.storyboard;
			sourceTree = "<group>";
		};
/* End PBXVariantGroup section */

/* Begin XCBuildConfiguration section */
		9D8E53A625868AEA00C301D9 /* Debug */ = {
			isa = XCBuildConfiguration;
			buildSettings = {
				ALWAYS_SEARCH_USER_PATHS = NO;
				CLANG_ANALYZER_NONNULL = YES;
				CLANG_ANALYZER_NUMBER_OBJECT_CONVERSION = YES_AGGRESSIVE;
				CLANG_CXX_LANGUAGE_STANDARD = "gnu++14";
				CLANG_CXX_LIBRARY = "libc++";
				CLANG_ENABLE_MODULES = YES;
				CLANG_ENABLE_OBJC_ARC = YES;
				CLANG_ENABLE_OBJC_WEAK = YES;
				CLANG_WARN_BLOCK_CAPTURE_AUTORELEASING = YES;
				CLANG_WARN_BOOL_CONVERSION = YES;
				CLANG_WARN_COMMA = YES;
				CLANG_WARN_CONSTANT_CONVERSION = YES;
				CLANG_WARN_DEPRECATED_OBJC_IMPLEMENTATIONS = YES;
				CLANG_WARN_DIRECT_OBJC_ISA_USAGE = YES_ERROR;
				CLANG_WARN_DOCUMENTATION_COMMENTS = YES;
				CLANG_WARN_EMPTY_BODY = YES;
				CLANG_WARN_ENUM_CONVERSION = YES;
				CLANG_WARN_INFINITE_RECURSION = YES;
				CLANG_WARN_INT_CONVERSION = YES;
				CLANG_WARN_NON_LITERAL_NULL_CONVERSION = YES;
				CLANG_WARN_OBJC_IMPLICIT_RETAIN_SELF = YES;
				CLANG_WARN_OBJC_LITERAL_CONVERSION = YES;
				CLANG_WARN_OBJC_ROOT_CLASS = YES_ERROR;
				CLANG_WARN_RANGE_LOOP_ANALYSIS = YES;
				CLANG_WARN_STRICT_PROTOTYPES = YES;
				CLANG_WARN_SUSPICIOUS_MOVE = YES;
				CLANG_WARN_UNGUARDED_AVAILABILITY = YES_AGGRESSIVE;
				CLANG_WARN_UNREACHABLE_CODE = YES;
				CLANG_WARN__DUPLICATE_METHOD_MATCH = YES;
				COPY_PHASE_STRIP = NO;
				DEBUG_INFORMATION_FORMAT = dwarf;
				ENABLE_STRICT_OBJC_MSGSEND = YES;
				ENABLE_TESTABILITY = YES;
				GCC_C_LANGUAGE_STANDARD = gnu11;
				GCC_DYNAMIC_NO_PIC = NO;
				GCC_NO_COMMON_BLOCKS = YES;
				GCC_OPTIMIZATION_LEVEL = 0;
				GCC_PREPROCESSOR_DEFINITIONS = (
					"DEBUG=1",
					"$(inherited)",
				);
				GCC_WARN_64_TO_32_BIT_CONVERSION = YES;
				GCC_WARN_ABOUT_RETURN_TYPE = YES_ERROR;
				GCC_WARN_UNDECLARED_SELECTOR = YES;
				GCC_WARN_UNINITIALIZED_AUTOS = YES_AGGRESSIVE;
				GCC_WARN_UNUSED_FUNCTION = YES;
				GCC_WARN_UNUSED_VARIABLE = YES;
				IPHONEOS_DEPLOYMENT_TARGET = 13.6;
				MTL_ENABLE_DEBUG_INFO = INCLUDE_SOURCE;
				MTL_FAST_MATH = YES;
				ONLY_ACTIVE_ARCH = YES;
				SDKROOT = iphoneos;
				SWIFT_ACTIVE_COMPILATION_CONDITIONS = DEBUG;
				SWIFT_OPTIMIZATION_LEVEL = "-Onone";
			};
			name = Debug;
		};
		9D8E53A725868AEA00C301D9 /* Release */ = {
			isa = XCBuildConfiguration;
			buildSettings = {
				ALWAYS_SEARCH_USER_PATHS = NO;
				CLANG_ANALYZER_NONNULL = YES;
				CLANG_ANALYZER_NUMBER_OBJECT_CONVERSION = YES_AGGRESSIVE;
				CLANG_CXX_LANGUAGE_STANDARD = "gnu++14";
				CLANG_CXX_LIBRARY = "libc++";
				CLANG_ENABLE_MODULES = YES;
				CLANG_ENABLE_OBJC_ARC = YES;
				CLANG_ENABLE_OBJC_WEAK = YES;
				CLANG_WARN_BLOCK_CAPTURE_AUTORELEASING = YES;
				CLANG_WARN_BOOL_CONVERSION = YES;
				CLANG_WARN_COMMA = YES;
				CLANG_WARN_CONSTANT_CONVERSION = YES;
				CLANG_WARN_DEPRECATED_OBJC_IMPLEMENTATIONS = YES;
				CLANG_WARN_DIRECT_OBJC_ISA_USAGE = YES_ERROR;
				CLANG_WARN_DOCUMENTATION_COMMENTS = YES;
				CLANG_WARN_EMPTY_BODY = YES;
				CLANG_WARN_ENUM_CONVERSION = YES;
				CLANG_WARN_INFINITE_RECURSION = YES;
				CLANG_WARN_INT_CONVERSION = YES;
				CLANG_WARN_NON_LITERAL_NULL_CONVERSION = YES;
				CLANG_WARN_OBJC_IMPLICIT_RETAIN_SELF = YES;
				CLANG_WARN_OBJC_LITERAL_CONVERSION = YES;
				CLANG_WARN_OBJC_ROOT_CLASS = YES_ERROR;
				CLANG_WARN_RANGE_LOOP_ANALYSIS = YES;
				CLANG_WARN_STRICT_PROTOTYPES = YES;
				CLANG_WARN_SUSPICIOUS_MOVE = YES;
				CLANG_WARN_UNGUARDED_AVAILABILITY = YES_AGGRESSIVE;
				CLANG_WARN_UNREACHABLE_CODE = YES;
				CLANG_WARN__DUPLICATE_METHOD_MATCH = YES;
				COPY_PHASE_STRIP = NO;
				DEBUG_INFORMATION_FORMAT = "dwarf-with-dsym";
				ENABLE_NS_ASSERTIONS = NO;
				ENABLE_STRICT_OBJC_MSGSEND = YES;
				GCC_C_LANGUAGE_STANDARD = gnu11;
				GCC_NO_COMMON_BLOCKS = YES;
				GCC_WARN_64_TO_32_BIT_CONVERSION = YES;
				GCC_WARN_ABOUT_RETURN_TYPE = YES_ERROR;
				GCC_WARN_UNDECLARED_SELECTOR = YES;
				GCC_WARN_UNINITIALIZED_AUTOS = YES_AGGRESSIVE;
				GCC_WARN_UNUSED_FUNCTION = YES;
				GCC_WARN_UNUSED_VARIABLE = YES;
				IPHONEOS_DEPLOYMENT_TARGET = 13.6;
				MTL_ENABLE_DEBUG_INFO = NO;
				MTL_FAST_MATH = YES;
				SDKROOT = iphoneos;
				SWIFT_COMPILATION_MODE = wholemodule;
				SWIFT_OPTIMIZATION_LEVEL = "-O";
				VALIDATE_PRODUCT = YES;
			};
			name = Release;
		};
		9D8E53A925868AEA00C301D9 /* Debug */ = {
			isa = XCBuildConfiguration;
			baseConfigurationReference = D55FCA9817DC011D72B57226 /* Pods-Vent.debug.xcconfig */;
			buildSettings = {
				ASSETCATALOG_COMPILER_APPICON_NAME = AppIcon;
				CODE_SIGN_STYLE = Automatic;
				DEVELOPMENT_TEAM = 797Q3HJ5U5;
				INFOPLIST_FILE = Vent/Info.plist;
				LD_RUNPATH_SEARCH_PATHS = (
					"$(inherited)",
					"@executable_path/Frameworks",
				);
				PRODUCT_BUNDLE_IDENTIFIER = com.aatech.Vent;
				PRODUCT_NAME = "$(TARGET_NAME)";
				SWIFT_VERSION = 5.0;
				TARGETED_DEVICE_FAMILY = "1,2";
			};
			name = Debug;
		};
		9D8E53AA25868AEA00C301D9 /* Release */ = {
			isa = XCBuildConfiguration;
			baseConfigurationReference = BEF92D6A99E6B86F867ED111 /* Pods-Vent.release.xcconfig */;
			buildSettings = {
				ASSETCATALOG_COMPILER_APPICON_NAME = AppIcon;
				CODE_SIGN_STYLE = Automatic;
				DEVELOPMENT_TEAM = 797Q3HJ5U5;
				INFOPLIST_FILE = Vent/Info.plist;
				LD_RUNPATH_SEARCH_PATHS = (
					"$(inherited)",
					"@executable_path/Frameworks",
				);
				PRODUCT_BUNDLE_IDENTIFIER = com.aatech.Vent;
				PRODUCT_NAME = "$(TARGET_NAME)";
				SWIFT_VERSION = 5.0;
				TARGETED_DEVICE_FAMILY = "1,2";
			};
			name = Release;
		};
		9D8E53AC25868AEA00C301D9 /* Debug */ = {
			isa = XCBuildConfiguration;
			baseConfigurationReference = A60A5D3EDC4866299548B309 /* Pods-VentTests.debug.xcconfig */;
			buildSettings = {
				ALWAYS_EMBED_SWIFT_STANDARD_LIBRARIES = YES;
				BUNDLE_LOADER = "$(TEST_HOST)";
				CODE_SIGN_STYLE = Automatic;
				DEVELOPMENT_TEAM = 797Q3HJ5U5;
				INFOPLIST_FILE = VentTests/Info.plist;
				IPHONEOS_DEPLOYMENT_TARGET = 13.6;
				LD_RUNPATH_SEARCH_PATHS = (
					"$(inherited)",
					"@executable_path/Frameworks",
					"@loader_path/Frameworks",
				);
				PRODUCT_BUNDLE_IDENTIFIER = com.aatech.VentTests;
				PRODUCT_NAME = "$(TARGET_NAME)";
				SWIFT_VERSION = 5.0;
				TARGETED_DEVICE_FAMILY = "1,2";
				TEST_HOST = "$(BUILT_PRODUCTS_DIR)/Vent.app/Vent";
			};
			name = Debug;
		};
		9D8E53AD25868AEA00C301D9 /* Release */ = {
			isa = XCBuildConfiguration;
			baseConfigurationReference = 0B01C89F726352670A5207BA /* Pods-VentTests.release.xcconfig */;
			buildSettings = {
				ALWAYS_EMBED_SWIFT_STANDARD_LIBRARIES = YES;
				BUNDLE_LOADER = "$(TEST_HOST)";
				CODE_SIGN_STYLE = Automatic;
				DEVELOPMENT_TEAM = 797Q3HJ5U5;
				INFOPLIST_FILE = VentTests/Info.plist;
				IPHONEOS_DEPLOYMENT_TARGET = 13.6;
				LD_RUNPATH_SEARCH_PATHS = (
					"$(inherited)",
					"@executable_path/Frameworks",
					"@loader_path/Frameworks",
				);
				PRODUCT_BUNDLE_IDENTIFIER = com.aatech.VentTests;
				PRODUCT_NAME = "$(TARGET_NAME)";
				SWIFT_VERSION = 5.0;
				TARGETED_DEVICE_FAMILY = "1,2";
				TEST_HOST = "$(BUILT_PRODUCTS_DIR)/Vent.app/Vent";
			};
			name = Release;
		};
		9D8E53AF25868AEA00C301D9 /* Debug */ = {
			isa = XCBuildConfiguration;
			baseConfigurationReference = 14A66C52D33A28795744D856 /* Pods-Vent-VentUITests.debug.xcconfig */;
			buildSettings = {
				ALWAYS_EMBED_SWIFT_STANDARD_LIBRARIES = YES;
				CODE_SIGN_STYLE = Automatic;
				DEVELOPMENT_TEAM = 797Q3HJ5U5;
				INFOPLIST_FILE = VentUITests/Info.plist;
				LD_RUNPATH_SEARCH_PATHS = (
					"$(inherited)",
					"@executable_path/Frameworks",
					"@loader_path/Frameworks",
				);
				PRODUCT_BUNDLE_IDENTIFIER = com.aatech.VentUITests;
				PRODUCT_NAME = "$(TARGET_NAME)";
				SWIFT_VERSION = 5.0;
				TARGETED_DEVICE_FAMILY = "1,2";
				TEST_TARGET_NAME = Vent;
			};
			name = Debug;
		};
		9D8E53B025868AEA00C301D9 /* Release */ = {
			isa = XCBuildConfiguration;
			baseConfigurationReference = D55775CF9027C5A3C3B32D15 /* Pods-Vent-VentUITests.release.xcconfig */;
			buildSettings = {
				ALWAYS_EMBED_SWIFT_STANDARD_LIBRARIES = YES;
				CODE_SIGN_STYLE = Automatic;
				DEVELOPMENT_TEAM = 797Q3HJ5U5;
				INFOPLIST_FILE = VentUITests/Info.plist;
				LD_RUNPATH_SEARCH_PATHS = (
					"$(inherited)",
					"@executable_path/Frameworks",
					"@loader_path/Frameworks",
				);
				PRODUCT_BUNDLE_IDENTIFIER = com.aatech.VentUITests;
				PRODUCT_NAME = "$(TARGET_NAME)";
				SWIFT_VERSION = 5.0;
				TARGETED_DEVICE_FAMILY = "1,2";
				TEST_TARGET_NAME = Vent;
			};
			name = Release;
		};
/* End XCBuildConfiguration section */

/* Begin XCConfigurationList section */
		9D8E537925868AE600C301D9 /* Build configuration list for PBXProject "Vent" */ = {
			isa = XCConfigurationList;
			buildConfigurations = (
				9D8E53A625868AEA00C301D9 /* Debug */,
				9D8E53A725868AEA00C301D9 /* Release */,
			);
			defaultConfigurationIsVisible = 0;
			defaultConfigurationName = Release;
		};
		9D8E53A825868AEA00C301D9 /* Build configuration list for PBXNativeTarget "Vent" */ = {
			isa = XCConfigurationList;
			buildConfigurations = (
				9D8E53A925868AEA00C301D9 /* Debug */,
				9D8E53AA25868AEA00C301D9 /* Release */,
			);
			defaultConfigurationIsVisible = 0;
			defaultConfigurationName = Release;
		};
		9D8E53AB25868AEA00C301D9 /* Build configuration list for PBXNativeTarget "VentTests" */ = {
			isa = XCConfigurationList;
			buildConfigurations = (
				9D8E53AC25868AEA00C301D9 /* Debug */,
				9D8E53AD25868AEA00C301D9 /* Release */,
			);
			defaultConfigurationIsVisible = 0;
			defaultConfigurationName = Release;
		};
		9D8E53AE25868AEA00C301D9 /* Build configuration list for PBXNativeTarget "VentUITests" */ = {
			isa = XCConfigurationList;
			buildConfigurations = (
				9D8E53AF25868AEA00C301D9 /* Debug */,
				9D8E53B025868AEA00C301D9 /* Release */,
			);
			defaultConfigurationIsVisible = 0;
			defaultConfigurationName = Release;
		};
/* End XCConfigurationList section */
	};
	rootObject = 9D8E537625868AE600C301D9 /* Project object */;
}
